<Solution>
  <Folder Name="/src/">
    <Project Path="src/IdeaForge.Agents.Abstractions/IdeaForge.Agents.Abstractions.csproj" />
    <Project Path="src/IdeaForge.Agents.Codex/IdeaForge.Agents.Codex.csproj" />
    <Project Path="src/IdeaForge.Agents.Console/IdeaForge.Agents.Console.csproj" />
    <Project Path="src/IdeaForge.Agents.Copilot/IdeaForge.Agents.Copilot.csproj" />
    <Project Path="src/IdeaForge.Agents/IdeaForge.Agents.csproj" />
    <Project Path="src/IdeaForge.Application/IdeaForge.Application.csproj" />
    <Project Path="src/IdeaForge.Infrastructure/IdeaForge.Infrastructure.csproj" />
    <Project Path="src/IdeaForge.WebApi/IdeaForge.WebApi.csproj" />
  </Folder>
</Solution>
